
Microsoft Visual Studio Solution File, Format Version 12.00
# Visual Studio Version 17
VisualStudioVersion = 17.11.35327.3
MinimumVisualStudioVersion = 10.0.40219.1
Project("{FAE04EC0-301F-11D3-BF4B-00C04F79EFBC}") = "SummerProject", "SummerProject\SummerProject.csproj", "{C7D25A2E-BDA0-4290-BB79-AD6160521B2D}"
EndProject
Global
	GlobalSection(SolutionConfigurationPlatforms) = preSolution
		Debug|Any CPU = Debug|Any CPU
		Release|Any CPU = Release|Any CPU
	EndGlobalSection
	GlobalSection(ProjectConfigurationPlatforms) = postSolution
		{C7D25A2E-BDA0-4290-BB79-AD6160521B2D}.Debug|Any CPU.ActiveCfg = Debug|Any CPU
		{C7D25A2E-BDA0-4290-BB79-AD6160521B2D}.Debug|Any CPU.Build.0 = Debug|Any CPU
		{C7D25A2E-BDA0-4290-BB79-AD6160521B2D}.Release|Any CPU.ActiveCfg = Release|Any CPU
		{C7D25A2E-BDA0-4290-BB79-AD6160521B2D}.Release|Any CPU.Build.0 = Release|Any CPU
	EndGlobalSection
	GlobalSection(SolutionProperties) = preSolution
		HideSolutionNode = FALSE
	EndGlobalSection
	GlobalSection(ExtensibilityGlobals) = postSolution
		SolutionGuid = {70291793-CBB2-4841-832D-B9EC6773955B}
	EndGlobalSection
EndGlobal
